
Microsoft Visual Studio Solution File, Format Version 12.00
# Visual Studio Version 16
VisualStudioVersion = 16.0.29806.167
MinimumVisualStudioVersion = 10.0.40219.1
Project("{9A19103F-16F7-4668-BE54-9A1E7A4F7556}") = "TicTacToe", "TicTacToe\TicTacToe.csproj", "{B50AF233-49A2-42DF-9484-75F32428836E}"
EndProject
Project("{9A19103F-16F7-4668-BE54-9A1E7A4F7556}") = "TTTTest", "TTTTest\TTTTest.csproj", "{A1E44293-80CA-4713-82DD-57E410C0C49E}"
EndProject
Project("{9A19103F-16F7-4668-BE54-9A1E7A4F7556}") = "Chat", "Chat\Chat.csproj", "{43A66396-C18C-4841-8867-782C7B726C25}"
EndProject
Project("{FAE04EC0-301F-11D3-BF4B-00C04F79EFBC}") = "Extensions", "Extensions\Extensions.csproj", "{4CDE5FD3-14CB-4856-82BA-0274B4552CFB}"
EndProject
Project("{FAE04EC0-301F-11D3-BF4B-00C04F79EFBC}") = "DBTest", "DBTest\DBTest.csproj", "{61F5BB15-A8A4-4A0D-9E09-DA3159E347BB}"
EndProject
Project("{FAE04EC0-301F-11D3-BF4B-00C04F79EFBC}") = "Globals", "Globals\Globals.csproj", "{279159AC-2A0B-44A8-B587-35F43F72D9D9}"
EndProject
Global
	GlobalSection(SolutionConfigurationPlatforms) = preSolution
		Debug|Any CPU = Debug|Any CPU
		Debug|ARM = Debug|ARM
		Debug|iPhone = Debug|iPhone
		Debug|iPhoneSimulator = Debug|iPhoneSimulator
		Debug|x64 = Debug|x64
		Debug|x86 = Debug|x86
		Release|Any CPU = Release|Any CPU
		Release|ARM = Release|ARM
		Release|iPhone = Release|iPhone
		Release|iPhoneSimulator = Release|iPhoneSimulator
		Release|x64 = Release|x64
		Release|x86 = Release|x86
	EndGlobalSection
	GlobalSection(ProjectConfigurationPlatforms) = postSolution
		{B50AF233-49A2-42DF-9484-75F32428836E}.Debug|Any CPU.ActiveCfg = Debug|Any CPU
		{B50AF233-49A2-42DF-9484-75F32428836E}.Debug|Any CPU.Build.0 = Debug|Any CPU
		{B50AF233-49A2-42DF-9484-75F32428836E}.Debug|ARM.ActiveCfg = Debug|Any CPU
		{B50AF233-49A2-42DF-9484-75F32428836E}.Debug|ARM.Build.0 = Debug|Any CPU
		{B50AF233-49A2-42DF-9484-75F32428836E}.Debug|iPhone.ActiveCfg = Debug|Any CPU
		{B50AF233-49A2-42DF-9484-75F32428836E}.Debug|iPhone.Build.0 = Debug|Any CPU
		{B50AF233-49A2-42DF-9484-75F32428836E}.Debug|iPhoneSimulator.ActiveCfg = Debug|Any CPU
		{B50AF233-49A2-42DF-9484-75F32428836E}.Debug|iPhoneSimulator.Build.0 = Debug|Any CPU
		{B50AF233-49A2-42DF-9484-75F32428836E}.Debug|x64.ActiveCfg = Debug|Any CPU
		{B50AF233-49A2-42DF-9484-75F32428836E}.Debug|x64.Build.0 = Debug|Any CPU
		{B50AF233-49A2-42DF-9484-75F32428836E}.Debug|x86.ActiveCfg = Debug|Any CPU
		{B50AF233-49A2-42DF-9484-75F32428836E}.Debug|x86.Build.0 = Debug|Any CPU
		{B50AF233-49A2-42DF-9484-75F32428836E}.Release|Any CPU.ActiveCfg = Release|Any CPU
		{B50AF233-49A2-42DF-9484-75F32428836E}.Release|Any CPU.Build.0 = Release|Any CPU
		{B50AF233-49A2-42DF-9484-75F32428836E}.Release|ARM.ActiveCfg = Release|Any CPU
		{B50AF233-49A2-42DF-9484-75F32428836E}.Release|ARM.Build.0 = Release|Any CPU
		{B50AF233-49A2-42DF-9484-75F32428836E}.Release|iPhone.ActiveCfg = Release|Any CPU
		{B50AF233-49A2-42DF-9484-75F32428836E}.Release|iPhone.Build.0 = Release|Any CPU
		{B50AF233-49A2-42DF-9484-75F32428836E}.Release|iPhoneSimulator.ActiveCfg = Release|Any CPU
		{B50AF233-49A2-42DF-9484-75F32428836E}.Release|iPhoneSimulator.Build.0 = Release|Any CPU
		{B50AF233-49A2-42DF-9484-75F32428836E}.Release|x64.ActiveCfg = Release|Any CPU
		{B50AF233-49A2-42DF-9484-75F32428836E}.Release|x64.Build.0 = Release|Any CPU
		{B50AF233-49A2-42DF-9484-75F32428836E}.Release|x86.ActiveCfg = Release|Any CPU
		{B50AF233-49A2-42DF-9484-75F32428836E}.Release|x86.Build.0 = Release|Any CPU
		{A1E44293-80CA-4713-82DD-57E410C0C49E}.Debug|Any CPU.ActiveCfg = Debug|Any CPU
		{A1E44293-80CA-4713-82DD-57E410C0C49E}.Debug|Any CPU.Build.0 = Debug|Any CPU
		{A1E44293-80CA-4713-82DD-57E410C0C49E}.Debug|ARM.ActiveCfg = Debug|Any CPU
		{A1E44293-80CA-4713-82DD-57E410C0C49E}.Debug|ARM.Build.0 = Debug|Any CPU
		{A1E44293-80CA-4713-82DD-57E410C0C49E}.Debug|iPhone.ActiveCfg = Debug|Any CPU
		{A1E44293-80CA-4713-82DD-57E410C0C49E}.Debug|iPhone.Build.0 = Debug|Any CPU
		{A1E44293-80CA-4713-82DD-57E410C0C49E}.Debug|iPhoneSimulator.ActiveCfg = Debug|Any CPU
		{A1E44293-80CA-4713-82DD-57E410C0C49E}.Debug|iPhoneSimulator.Build.0 = Debug|Any CPU
		{A1E44293-80CA-4713-82DD-57E410C0C49E}.Debug|x64.ActiveCfg = Debug|Any CPU
		{A1E44293-80CA-4713-82DD-57E410C0C49E}.Debug|x64.Build.0 = Debug|Any CPU
		{A1E44293-80CA-4713-82DD-57E410C0C49E}.Debug|x86.ActiveCfg = Debug|Any CPU
		{A1E44293-80CA-4713-82DD-57E410C0C49E}.Debug|x86.Build.0 = Debug|Any CPU
		{A1E44293-80CA-4713-82DD-57E410C0C49E}.Release|Any CPU.ActiveCfg = Release|Any CPU
		{A1E44293-80CA-4713-82DD-57E410C0C49E}.Release|Any CPU.Build.0 = Release|Any CPU
		{A1E44293-80CA-4713-82DD-57E410C0C49E}.Release|ARM.ActiveCfg = Release|Any CPU
		{A1E44293-80CA-4713-82DD-57E410C0C49E}.Release|ARM.Build.0 = Release|Any CPU
		{A1E44293-80CA-4713-82DD-57E410C0C49E}.Release|iPhone.ActiveCfg = Release|Any CPU
		{A1E44293-80CA-4713-82DD-57E410C0C49E}.Release|iPhone.Build.0 = Release|Any CPU
		{A1E44293-80CA-4713-82DD-57E410C0C49E}.Release|iPhoneSimulator.ActiveCfg = Release|Any CPU
		{A1E44293-80CA-4713-82DD-57E410C0C49E}.Release|iPhoneSimulator.Build.0 = Release|Any CPU
		{A1E44293-80CA-4713-82DD-57E410C0C49E}.Release|x64.ActiveCfg = Release|Any CPU
		{A1E44293-80CA-4713-82DD-57E410C0C49E}.Release|x64.Build.0 = Release|Any CPU
		{A1E44293-80CA-4713-82DD-57E410C0C49E}.Release|x86.ActiveCfg = Release|Any CPU
		{A1E44293-80CA-4713-82DD-57E410C0C49E}.Release|x86.Build.0 = Release|Any CPU
		{43A66396-C18C-4841-8867-782C7B726C25}.Debug|Any CPU.ActiveCfg = Debug|Any CPU
		{43A66396-C18C-4841-8867-782C7B726C25}.Debug|Any CPU.Build.0 = Debug|Any CPU
		{43A66396-C18C-4841-8867-782C7B726C25}.Debug|ARM.ActiveCfg = Debug|Any CPU
		{43A66396-C18C-4841-8867-782C7B726C25}.Debug|ARM.Build.0 = Debug|Any CPU
		{43A66396-C18C-4841-8867-782C7B726C25}.Debug|iPhone.ActiveCfg = Debug|Any CPU
		{43A66396-C18C-4841-8867-782C7B726C25}.Debug|iPhone.Build.0 = Debug|Any CPU
		{43A66396-C18C-4841-8867-782C7B726C25}.Debug|iPhoneSimulator.ActiveCfg = Debug|Any CPU
		{43A66396-C18C-4841-8867-782C7B726C25}.Debug|iPhoneSimulator.Build.0 = Debug|Any CPU
		{43A66396-C18C-4841-8867-782C7B726C25}.Debug|x64.ActiveCfg = Debug|Any CPU
		{43A66396-C18C-4841-8867-782C7B726C25}.Debug|x64.Build.0 = Debug|Any CPU
		{43A66396-C18C-4841-8867-782C7B726C25}.Debug|x86.ActiveCfg = Debug|Any CPU
		{43A66396-C18C-4841-8867-782C7B726C25}.Debug|x86.Build.0 = Debug|Any CPU
		{43A66396-C18C-4841-8867-782C7B726C25}.Release|Any CPU.ActiveCfg = Release|Any CPU
		{43A66396-C18C-4841-8867-782C7B726C25}.Release|Any CPU.Build.0 = Release|Any CPU
		{43A66396-C18C-4841-8867-782C7B726C25}.Release|ARM.ActiveCfg = Release|Any CPU
		{43A66396-C18C-4841-8867-782C7B726C25}.Release|ARM.Build.0 = Release|Any CPU
		{43A66396-C18C-4841-8867-782C7B726C25}.Release|iPhone.ActiveCfg = Release|Any CPU
		{43A66396-C18C-4841-8867-782C7B726C25}.Release|iPhone.Build.0 = Release|Any CPU
		{43A66396-C18C-4841-8867-782C7B726C25}.Release|iPhoneSimulator.ActiveCfg = Release|Any CPU
		{43A66396-C18C-4841-8867-782C7B726C25}.Release|iPhoneSimulator.Build.0 = Release|Any CPU
		{43A66396-C18C-4841-8867-782C7B726C25}.Release|x64.ActiveCfg = Release|Any CPU
		{43A66396-C18C-4841-8867-782C7B726C25}.Release|x64.Build.0 = Release|Any CPU
		{43A66396-C18C-4841-8867-782C7B726C25}.Release|x86.ActiveCfg = Release|Any CPU
		{43A66396-C18C-4841-8867-782C7B726C25}.Release|x86.Build.0 = Release|Any CPU
		{4CDE5FD3-14CB-4856-82BA-0274B4552CFB}.Debug|Any CPU.ActiveCfg = Debug|Any CPU
		{4CDE5FD3-14CB-4856-82BA-0274B4552CFB}.Debug|Any CPU.Build.0 = Debug|Any CPU
		{4CDE5FD3-14CB-4856-82BA-0274B4552CFB}.Debug|ARM.ActiveCfg = Debug|Any CPU
		{4CDE5FD3-14CB-4856-82BA-0274B4552CFB}.Debug|ARM.Build.0 = Debug|Any CPU
		{4CDE5FD3-14CB-4856-82BA-0274B4552CFB}.Debug|iPhone.ActiveCfg = Debug|Any CPU
		{4CDE5FD3-14CB-4856-82BA-0274B4552CFB}.Debug|iPhone.Build.0 = Debug|Any CPU
		{4CDE5FD3-14CB-4856-82BA-0274B4552CFB}.Debug|iPhoneSimulator.ActiveCfg = Debug|Any CPU
		{4CDE5FD3-14CB-4856-82BA-0274B4552CFB}.Debug|iPhoneSimulator.Build.0 = Debug|Any CPU
		{4CDE5FD3-14CB-4856-82BA-0274B4552CFB}.Debug|x64.ActiveCfg = Debug|Any CPU
		{4CDE5FD3-14CB-4856-82BA-0274B4552CFB}.Debug|x64.Build.0 = Debug|Any CPU
		{4CDE5FD3-14CB-4856-82BA-0274B4552CFB}.Debug|x86.ActiveCfg = Debug|Any CPU
		{4CDE5FD3-14CB-4856-82BA-0274B4552CFB}.Debug|x86.Build.0 = Debug|Any CPU
		{4CDE5FD3-14CB-4856-82BA-0274B4552CFB}.Release|Any CPU.ActiveCfg = Release|Any CPU
		{4CDE5FD3-14CB-4856-82BA-0274B4552CFB}.Release|Any CPU.Build.0 = Release|Any CPU
		{4CDE5FD3-14CB-4856-82BA-0274B4552CFB}.Release|ARM.ActiveCfg = Release|Any CPU
		{4CDE5FD3-14CB-4856-82BA-0274B4552CFB}.Release|ARM.Build.0 = Release|Any CPU
		{4CDE5FD3-14CB-4856-82BA-0274B4552CFB}.Release|iPhone.ActiveCfg = Release|Any CPU
		{4CDE5FD3-14CB-4856-82BA-0274B4552CFB}.Release|iPhone.Build.0 = Release|Any CPU
		{4CDE5FD3-14CB-4856-82BA-0274B4552CFB}.Release|iPhoneSimulator.ActiveCfg = Release|Any CPU
		{4CDE5FD3-14CB-4856-82BA-0274B4552CFB}.Release|iPhoneSimulator.Build.0 = Release|Any CPU
		{4CDE5FD3-14CB-4856-82BA-0274B4552CFB}.Release|x64.ActiveCfg = Release|Any CPU
		{4CDE5FD3-14CB-4856-82BA-0274B4552CFB}.Release|x64.Build.0 = Release|Any CPU
		{4CDE5FD3-14CB-4856-82BA-0274B4552CFB}.Release|x86.ActiveCfg = Release|Any CPU
		{4CDE5FD3-14CB-4856-82BA-0274B4552CFB}.Release|x86.Build.0 = Release|Any CPU
		{61F5BB15-A8A4-4A0D-9E09-DA3159E347BB}.Debug|Any CPU.ActiveCfg = Debug|Any CPU
		{61F5BB15-A8A4-4A0D-9E09-DA3159E347BB}.Debug|Any CPU.Build.0 = Debug|Any CPU
		{61F5BB15-A8A4-4A0D-9E09-DA3159E347BB}.Debug|ARM.ActiveCfg = Debug|Any CPU
		{61F5BB15-A8A4-4A0D-9E09-DA3159E347BB}.Debug|ARM.Build.0 = Debug|Any CPU
		{61F5BB15-A8A4-4A0D-9E09-DA3159E347BB}.Debug|iPhone.ActiveCfg = Debug|Any CPU
		{61F5BB15-A8A4-4A0D-9E09-DA3159E347BB}.Debug|iPhone.Build.0 = Debug|Any CPU
		{61F5BB15-A8A4-4A0D-9E09-DA3159E347BB}.Debug|iPhoneSimulator.ActiveCfg = Debug|Any CPU
		{61F5BB15-A8A4-4A0D-9E09-DA3159E347BB}.Debug|iPhoneSimulator.Build.0 = Debug|Any CPU
		{61F5BB15-A8A4-4A0D-9E09-DA3159E347BB}.Debug|x64.ActiveCfg = Debug|Any CPU
		{61F5BB15-A8A4-4A0D-9E09-DA3159E347BB}.Debug|x64.Build.0 = Debug|Any CPU
		{61F5BB15-A8A4-4A0D-9E09-DA3159E347BB}.Debug|x86.ActiveCfg = Debug|Any CPU
		{61F5BB15-A8A4-4A0D-9E09-DA3159E347BB}.Debug|x86.Build.0 = Debug|Any CPU
		{61F5BB15-A8A4-4A0D-9E09-DA3159E347BB}.Release|Any CPU.ActiveCfg = Release|Any CPU
		{61F5BB15-A8A4-4A0D-9E09-DA3159E347BB}.Release|Any CPU.Build.0 = Release|Any CPU
		{61F5BB15-A8A4-4A0D-9E09-DA3159E347BB}.Release|ARM.ActiveCfg = Release|Any CPU
		{61F5BB15-A8A4-4A0D-9E09-DA3159E347BB}.Release|ARM.Build.0 = Release|Any CPU
		{61F5BB15-A8A4-4A0D-9E09-DA3159E347BB}.Release|iPhone.ActiveCfg = Release|Any CPU
		{61F5BB15-A8A4-4A0D-9E09-DA3159E347BB}.Release|iPhone.Build.0 = Release|Any CPU
		{61F5BB15-A8A4-4A0D-9E09-DA3159E347BB}.Release|iPhoneSimulator.ActiveCfg = Release|Any CPU
		{61F5BB15-A8A4-4A0D-9E09-DA3159E347BB}.Release|iPhoneSimulator.Build.0 = Release|Any CPU
		{61F5BB15-A8A4-4A0D-9E09-DA3159E347BB}.Release|x64.ActiveCfg = Release|Any CPU
		{61F5BB15-A8A4-4A0D-9E09-DA3159E347BB}.Release|x64.Build.0 = Release|Any CPU
		{61F5BB15-A8A4-4A0D-9E09-DA3159E347BB}.Release|x86.ActiveCfg = Release|Any CPU
		{61F5BB15-A8A4-4A0D-9E09-DA3159E347BB}.Release|x86.Build.0 = Release|Any CPU
		{279159AC-2A0B-44A8-B587-35F43F72D9D9}.Debug|Any CPU.ActiveCfg = Debug|Any CPU
		{279159AC-2A0B-44A8-B587-35F43F72D9D9}.Debug|Any CPU.Build.0 = Debug|Any CPU
		{279159AC-2A0B-44A8-B587-35F43F72D9D9}.Debug|ARM.ActiveCfg = Debug|Any CPU
		{279159AC-2A0B-44A8-B587-35F43F72D9D9}.Debug|ARM.Build.0 = Debug|Any CPU
		{279159AC-2A0B-44A8-B587-35F43F72D9D9}.Debug|iPhone.ActiveCfg = Debug|Any CPU
		{279159AC-2A0B-44A8-B587-35F43F72D9D9}.Debug|iPhone.Build.0 = Debug|Any CPU
		{279159AC-2A0B-44A8-B587-35F43F72D9D9}.Debug|iPhoneSimulator.ActiveCfg = Debug|Any CPU
		{279159AC-2A0B-44A8-B587-35F43F72D9D9}.Debug|iPhoneSimulator.Build.0 = Debug|Any CPU
		{279159AC-2A0B-44A8-B587-35F43F72D9D9}.Debug|x64.ActiveCfg = Debug|Any CPU
		{279159AC-2A0B-44A8-B587-35F43F72D9D9}.Debug|x64.Build.0 = Debug|Any CPU
		{279159AC-2A0B-44A8-B587-35F43F72D9D9}.Debug|x86.ActiveCfg = Debug|Any CPU
		{279159AC-2A0B-44A8-B587-35F43F72D9D9}.Debug|x86.Build.0 = Debug|Any CPU
		{279159AC-2A0B-44A8-B587-35F43F72D9D9}.Release|Any CPU.ActiveCfg = Release|Any CPU
		{279159AC-2A0B-44A8-B587-35F43F72D9D9}.Release|Any CPU.Build.0 = Release|Any CPU
		{279159AC-2A0B-44A8-B587-35F43F72D9D9}.Release|ARM.ActiveCfg = Release|Any CPU
		{279159AC-2A0B-44A8-B587-35F43F72D9D9}.Release|ARM.Build.0 = Release|Any CPU
		{279159AC-2A0B-44A8-B587-35F43F72D9D9}.Release|iPhone.ActiveCfg = Release|Any CPU
		{279159AC-2A0B-44A8-B587-35F43F72D9D9}.Release|iPhone.Build.0 = Release|Any CPU
		{279159AC-2A0B-44A8-B587-35F43F72D9D9}.Release|iPhoneSimulator.ActiveCfg = Release|Any CPU
		{279159AC-2A0B-44A8-B587-35F43F72D9D9}.Release|iPhoneSimulator.Build.0 = Release|Any CPU
		{279159AC-2A0B-44A8-B587-35F43F72D9D9}.Release|x64.ActiveCfg = Release|Any CPU
		{279159AC-2A0B-44A8-B587-35F43F72D9D9}.Release|x64.Build.0 = Release|Any CPU
		{279159AC-2A0B-44A8-B587-35F43F72D9D9}.Release|x86.ActiveCfg = Release|Any CPU
		{279159AC-2A0B-44A8-B587-35F43F72D9D9}.Release|x86.Build.0 = Release|Any CPU
	EndGlobalSection
	GlobalSection(SolutionProperties) = preSolution
		HideSolutionNode = FALSE
	EndGlobalSection
	GlobalSection(ExtensibilityGlobals) = postSolution
		SolutionGuid = {45EF047B-2C0B-4597-9EDD-01E445411824}
	EndGlobalSection
EndGlobal
